
Microsoft Visual Studio Solution File, Format Version 12.00
# Visual Studio 15
VisualStudioVersion = 15.0.28307.1231
MinimumVisualStudioVersion = 10.0.40219.1
Project("{8BC9CEB8-8B4A-11D0-8D11-00A0C91BC942}") = "ImageAcqLinescan", "ImageAcqLinescan\ImageAcqLinescan2017.vcxproj", "{B9804C0B-25FC-4E52-BD71-C7BCF9043568}"
EndProject
Global
	GlobalSection(SolutionConfigurationPlatforms) = preSolution
		Debug|x64 = Debug|x64
		Debug|x86 = Debug|x86
		Release|x64 = Release|x64
		Release|x86 = Release|x86
	EndGlobalSection
	GlobalSection(ProjectConfigurationPlatforms) = postSolution
		{B9804C0B-25FC-4E52-BD71-C7BCF9043568}.Debug|x64.ActiveCfg = Debug|x64
		{B9804C0B-25FC-4E52-BD71-C7BCF9043568}.Debug|x64.Build.0 = Debug|x64
		{B9804C0B-25FC-4E52-BD71-C7BCF9043568}.Debug|x86.ActiveCfg = Debug|Win32
		{B9804C0B-25FC-4E52-BD71-C7BCF9043568}.Debug|x86.Build.0 = Debug|Win32
		{B9804C0B-25FC-4E52-BD71-C7BCF9043568}.Release|x64.ActiveCfg = Release|x64
		{B9804C0B-25FC-4E52-BD71-C7BCF9043568}.Release|x64.Build.0 = Release|x64
		{B9804C0B-25FC-4E52-BD71-C7BCF9043568}.Release|x86.ActiveCfg = Release|Win32
		{B9804C0B-25FC-4E52-BD71-C7BCF9043568}.Release|x86.Build.0 = Release|Win32
	EndGlobalSection
	GlobalSection(SolutionProperties) = preSolution
		HideSolutionNode = FALSE
	EndGlobalSection
	GlobalSection(ExtensibilityGlobals) = postSolution
		SolutionGuid = {9179E3D1-A9DB-4F7D-AA5E-A2F15D131C1A}
	EndGlobalSection
EndGlobal
