
Microsoft Visual Studio Solution File, Format Version 12.00
# Visual Studio 2013
VisualStudioVersion = 12.0.40629.0
MinimumVisualStudioVersion = 10.0.40219.1
Project("{8BC9CEB8-8B4A-11D0-8D11-00A0C91BC942}") = "Dvp2Getframe2013", "Dvp2Getframe\Dvp2Getframe2013.vcxproj", "{D33F6DEC-B72A-41B3-812B-7DCCA1945F74}"
EndProject
Project("{8BC9CEB8-8B4A-11D0-8D11-00A0C91BC942}") = "Dvp2StreamCallback2013", "Dvp2StreamCallback\Dvp2StreamCallback2013.vcxproj", "{68E21B6C-3E44-4164-AAA2-B209D719F22A}"
EndProject
Project("{8BC9CEB8-8B4A-11D0-8D11-00A0C91BC942}") = "Dvp2EventCallback2013", "Dvp2EventCallback\Dvp2EventCallback2013.vcxproj", "{E3917DAA-C99C-48D5-A1FD-F94FA952C3CA}"
EndProject
Project("{8BC9CEB8-8B4A-11D0-8D11-00A0C91BC942}") = "Dvp2VideoRecord2013", "Dvp2VideoRecord\Dvp2VideoRecord2013.vcxproj", "{8F6BA989-53DB-4BF0-A7BC-E2AD79B7D602}"
EndProject
Global
	GlobalSection(SolutionConfigurationPlatforms) = preSolution
		Debug|Win32 = Debug|Win32
		Debug|x64 = Debug|x64
		Release|Win32 = Release|Win32
		Release|x64 = Release|x64
	EndGlobalSection
	GlobalSection(ProjectConfigurationPlatforms) = postSolution
		{D33F6DEC-B72A-41B3-812B-7DCCA1945F74}.Debug|Win32.ActiveCfg = Debug|Win32
		{D33F6DEC-B72A-41B3-812B-7DCCA1945F74}.Debug|Win32.Build.0 = Debug|Win32
		{D33F6DEC-B72A-41B3-812B-7DCCA1945F74}.Debug|x64.ActiveCfg = Debug|x64
		{D33F6DEC-B72A-41B3-812B-7DCCA1945F74}.Debug|x64.Build.0 = Debug|x64
		{D33F6DEC-B72A-41B3-812B-7DCCA1945F74}.Release|Win32.ActiveCfg = Release|Win32
		{D33F6DEC-B72A-41B3-812B-7DCCA1945F74}.Release|Win32.Build.0 = Release|Win32
		{D33F6DEC-B72A-41B3-812B-7DCCA1945F74}.Release|x64.ActiveCfg = Release|x64
		{D33F6DEC-B72A-41B3-812B-7DCCA1945F74}.Release|x64.Build.0 = Release|x64
		{68E21B6C-3E44-4164-AAA2-B209D719F22A}.Debug|Win32.ActiveCfg = Debug|Win32
		{68E21B6C-3E44-4164-AAA2-B209D719F22A}.Debug|Win32.Build.0 = Debug|Win32
		{68E21B6C-3E44-4164-AAA2-B209D719F22A}.Debug|x64.ActiveCfg = Debug|x64
		{68E21B6C-3E44-4164-AAA2-B209D719F22A}.Debug|x64.Build.0 = Debug|x64
		{68E21B6C-3E44-4164-AAA2-B209D719F22A}.Release|Win32.ActiveCfg = Release|Win32
		{68E21B6C-3E44-4164-AAA2-B209D719F22A}.Release|Win32.Build.0 = Release|Win32
		{68E21B6C-3E44-4164-AAA2-B209D719F22A}.Release|x64.ActiveCfg = Release|x64
		{68E21B6C-3E44-4164-AAA2-B209D719F22A}.Release|x64.Build.0 = Release|x64
		{E3917DAA-C99C-48D5-A1FD-F94FA952C3CA}.Debug|Win32.ActiveCfg = Debug|Win32
		{E3917DAA-C99C-48D5-A1FD-F94FA952C3CA}.Debug|Win32.Build.0 = Debug|Win32
		{E3917DAA-C99C-48D5-A1FD-F94FA952C3CA}.Debug|x64.ActiveCfg = Debug|x64
		{E3917DAA-C99C-48D5-A1FD-F94FA952C3CA}.Debug|x64.Build.0 = Debug|x64
		{E3917DAA-C99C-48D5-A1FD-F94FA952C3CA}.Release|Win32.ActiveCfg = Release|Win32
		{E3917DAA-C99C-48D5-A1FD-F94FA952C3CA}.Release|Win32.Build.0 = Release|Win32
		{E3917DAA-C99C-48D5-A1FD-F94FA952C3CA}.Release|x64.ActiveCfg = Release|x64
		{E3917DAA-C99C-48D5-A1FD-F94FA952C3CA}.Release|x64.Build.0 = Release|x64
		{8F6BA989-53DB-4BF0-A7BC-E2AD79B7D602}.Debug|Win32.ActiveCfg = Debug|Win32
		{8F6BA989-53DB-4BF0-A7BC-E2AD79B7D602}.Debug|Win32.Build.0 = Debug|Win32
		{8F6BA989-53DB-4BF0-A7BC-E2AD79B7D602}.Debug|x64.ActiveCfg = Debug|x64
		{8F6BA989-53DB-4BF0-A7BC-E2AD79B7D602}.Debug|x64.Build.0 = Debug|x64
		{8F6BA989-53DB-4BF0-A7BC-E2AD79B7D602}.Release|Win32.ActiveCfg = Release|Win32
		{8F6BA989-53DB-4BF0-A7BC-E2AD79B7D602}.Release|Win32.Build.0 = Release|Win32
		{8F6BA989-53DB-4BF0-A7BC-E2AD79B7D602}.Release|x64.ActiveCfg = Release|x64
		{8F6BA989-53DB-4BF0-A7BC-E2AD79B7D602}.Release|x64.Build.0 = Release|x64
	EndGlobalSection
	GlobalSection(SolutionProperties) = preSolution
		HideSolutionNode = FALSE
	EndGlobalSection
EndGlobal
